
Microsoft Visual Studio Solution File, Format Version 12.00
# Visual Studio Version 17
VisualStudioVersion = 17.11.35312.102
MinimumVisualStudioVersion = 10.0.40219.1
Project("{FAE04EC0-301F-11D3-BF4B-00C04F79EFBC}") = "ShiftSoftwareLocalization", "ShiftSoftwareLocalization\ShiftSoftwareLocalization.csproj", "{EE889781-A20B-4AE1-B1CD-F00A7B6D2F97}"
EndProject
Global
	GlobalSection(SolutionConfigurationPlatforms) = preSolution
		Debug|Any CPU = Debug|Any CPU
		Release|Any CPU = Release|Any CPU
	EndGlobalSection
	GlobalSection(ProjectConfigurationPlatforms) = postSolution
		{EE889781-A20B-4AE1-B1CD-F00A7B6D2F97}.Debug|Any CPU.ActiveCfg = Debug|Any CPU
		{EE889781-A20B-4AE1-B1CD-F00A7B6D2F97}.Debug|Any CPU.Build.0 = Debug|Any CPU
		{EE889781-A20B-4AE1-B1CD-F00A7B6D2F97}.Release|Any CPU.ActiveCfg = Release|Any CPU
		{EE889781-A20B-4AE1-B1CD-F00A7B6D2F97}.Release|Any CPU.Build.0 = Release|Any CPU
	EndGlobalSection
	GlobalSection(SolutionProperties) = preSolution
		HideSolutionNode = FALSE
	EndGlobalSection
	GlobalSection(ExtensibilityGlobals) = postSolution
		SolutionGuid = {D15CE6DA-26C8-48A0-8F28-972F76C19BC9}
	EndGlobalSection
EndGlobal
